
Microsoft Visual Studio Solution File, Format Version 12.00
# Visual Studio 14
VisualStudioVersion = 14.0.25420.1
MinimumVisualStudioVersion = 10.0.40219.1
Project("{FAE04EC0-301F-11D3-BF4B-00C04F79EFBC}") = "HospitalManagement-Web", "HospitalManagement-Web\HospitalManagement-Web.csproj", "{C430B3D1-0219-4C06-97D5-A3E831D4B888}"
EndProject
Project("{FAE04EC0-301F-11D3-BF4B-00C04F79EFBC}") = "Helpers", "Helpers\Helpers.csproj", "{9E67F5F0-9B73-4A92-92C9-AD11DCA6248A}"
EndProject
Global
	GlobalSection(SolutionConfigurationPlatforms) = preSolution
		Debug|Any CPU = Debug|Any CPU
		Release|Any CPU = Release|Any CPU
	EndGlobalSection
	GlobalSection(ProjectConfigurationPlatforms) = postSolution
		{C430B3D1-0219-4C06-97D5-A3E831D4B888}.Debug|Any CPU.ActiveCfg = Debug|Any CPU
		{C430B3D1-0219-4C06-97D5-A3E831D4B888}.Debug|Any CPU.Build.0 = Debug|Any CPU
		{C430B3D1-0219-4C06-97D5-A3E831D4B888}.Release|Any CPU.ActiveCfg = Release|Any CPU
		{C430B3D1-0219-4C06-97D5-A3E831D4B888}.Release|Any CPU.Build.0 = Release|Any CPU
		{9E67F5F0-9B73-4A92-92C9-AD11DCA6248A}.Debug|Any CPU.ActiveCfg = Debug|Any CPU
		{9E67F5F0-9B73-4A92-92C9-AD11DCA6248A}.Debug|Any CPU.Build.0 = Debug|Any CPU
		{9E67F5F0-9B73-4A92-92C9-AD11DCA6248A}.Release|Any CPU.ActiveCfg = Release|Any CPU
		{9E67F5F0-9B73-4A92-92C9-AD11DCA6248A}.Release|Any CPU.Build.0 = Release|Any CPU
	EndGlobalSection
	GlobalSection(SolutionProperties) = preSolution
		HideSolutionNode = FALSE
	EndGlobalSection
EndGlobal
